
Microsoft Visual Studio Solution File, Format Version 12.00
# Visual Studio Version 16
VisualStudioVersion = 16.0.34407.143
MinimumVisualStudioVersion = 10.0.40219.1
Project("{FAE04EC0-301F-11D3-BF4B-00C04F79EFBC}") = "EasySynth", "EasySynth\EasySynth.csproj", "{83A98DB8-293A-4FC3-887F-5BF01F5665F9}"
EndProject
Global
	GlobalSection(SolutionConfigurationPlatforms) = preSolution
		Debug|Any CPU = Debug|Any CPU
		Release|Any CPU = Release|Any CPU
	EndGlobalSection
	GlobalSection(ProjectConfigurationPlatforms) = postSolution
		{83A98DB8-293A-4FC3-887F-5BF01F5665F9}.Debug|Any CPU.ActiveCfg = Debug|Any CPU
		{83A98DB8-293A-4FC3-887F-5BF01F5665F9}.Debug|Any CPU.Build.0 = Debug|Any CPU
		{83A98DB8-293A-4FC3-887F-5BF01F5665F9}.Release|Any CPU.ActiveCfg = Release|Any CPU
		{83A98DB8-293A-4FC3-887F-5BF01F5665F9}.Release|Any CPU.Build.0 = Release|Any CPU
	EndGlobalSection
	GlobalSection(SolutionProperties) = preSolution
		HideSolutionNode = FALSE
	EndGlobalSection
	GlobalSection(ExtensibilityGlobals) = postSolution
		SolutionGuid = {F5245182-27B9-4C07-8472-9E9AEFDDF1F6}
	EndGlobalSection
EndGlobal
